
Microsoft Visual Studio Solution File, Format Version 12.00
# Visual Studio Version 17
VisualStudioVersion = 17.3.32929.385
MinimumVisualStudioVersion = 10.0.40219.1
Project("{FAE04EC0-301F-11D3-BF4B-00C04F79EFBC}") = "Task1", "Task1\Task1.csproj", "{6BCD34B4-86EB-434A-BE46-4161C35F0066}"
EndProject
Project("{FAE04EC0-301F-11D3-BF4B-00C04F79EFBC}") = "Task2", "Task2\Task2.csproj", "{570967CF-5BEA-4AD9-B72A-FAF028AFE0A7}"
EndProject
Global
	GlobalSection(SolutionConfigurationPlatforms) = preSolution
		Debug|Any CPU = Debug|Any CPU
		Release|Any CPU = Release|Any CPU
	EndGlobalSection
	GlobalSection(ProjectConfigurationPlatforms) = postSolution
		{6BCD34B4-86EB-434A-BE46-4161C35F0066}.Debug|Any CPU.ActiveCfg = Debug|Any CPU
		{6BCD34B4-86EB-434A-BE46-4161C35F0066}.Debug|Any CPU.Build.0 = Debug|Any CPU
		{6BCD34B4-86EB-434A-BE46-4161C35F0066}.Release|Any CPU.ActiveCfg = Release|Any CPU
		{6BCD34B4-86EB-434A-BE46-4161C35F0066}.Release|Any CPU.Build.0 = Release|Any CPU
		{570967CF-5BEA-4AD9-B72A-FAF028AFE0A7}.Debug|Any CPU.ActiveCfg = Debug|Any CPU
		{570967CF-5BEA-4AD9-B72A-FAF028AFE0A7}.Debug|Any CPU.Build.0 = Debug|Any CPU
		{570967CF-5BEA-4AD9-B72A-FAF028AFE0A7}.Release|Any CPU.ActiveCfg = Release|Any CPU
		{570967CF-5BEA-4AD9-B72A-FAF028AFE0A7}.Release|Any CPU.Build.0 = Release|Any CPU
	EndGlobalSection
	GlobalSection(SolutionProperties) = preSolution
		HideSolutionNode = FALSE
	EndGlobalSection
	GlobalSection(ExtensibilityGlobals) = postSolution
		SolutionGuid = {2B799096-73A5-4A11-8533-A7D7BD199BA2}
	EndGlobalSection
EndGlobal
